lockfileVersion: '6.0'

settings:
  autoInstallPeers: true
  excludeLinksFromLockfile: false

importers:

  .:
    devDependencies:
      '@moonrepo/cli':
        specifier: ^1.11.1
        version: 1.11.1

packages:

  /@moonrepo/cli@1.11.1:
    resolution: {integrity: sha512-W6eq9rzlOIJDHCfyPQryzjvVaHwBN5xoOuf5BwtAKRxkXq2/+p6uCE85vpmgA6YAiBx3vvdrADCLUR3N7hUadw==}
    hasBin: true
    requiresBuild: true
    dependencies:
      detect-libc: 2.0.2
    optionalDependencies:
      '@moonrepo/core-linux-arm64-gnu': 1.11.1
      '@moonrepo/core-linux-arm64-musl': 1.11.1
      '@moonrepo/core-linux-x64-gnu': 1.11.1
      '@moonrepo/core-linux-x64-musl': 1.11.1
      '@moonrepo/core-macos-arm64': 1.11.1
      '@moonrepo/core-macos-x64': 1.11.1
      '@moonrepo/core-windows-x64-msvc': 1.11.1
    dev: true

  /@moonrepo/core-linux-arm64-gnu@1.11.1:
    resolution: {integrity: sha512-jSf73/96L9NevoNyHqJk0XcXx4QNqAumePY7wACVJlqqvstXNbzxy0TQ8WMwi1WAX2C+YdCIub5sHPgWCxm8aw==}
    cpu: [arm64]
    os: [linux]
    requiresBuild: true
    dev: true
    optional: true

  /@moonrepo/core-linux-arm64-musl@1.11.1:
    resolution: {integrity: sha512-CYofY435t7dyf5PbPzQvXLQ9MsObZ7B5uoIlzfOK5+9ZYZKAeem8jTv+iD6/8LjlhiGjBo8C9Z3O/j1VZ9HCCw==}
    cpu: [arm64]
    os: [linux]
    requiresBuild: true
    dev: true
    optional: true

  /@moonrepo/core-linux-x64-gnu@1.11.1:
    resolution: {integrity: sha512-2/VxsISuC8Wb4tBf3MfXyY3Ej7l0decfc4QDDlXNbLFXHG/hKG/KLI4LAdbActPd66AGdrlqRTlmw7l8u0VP6A==}
    cpu: [x64]
    os: [linux]
    requiresBuild: true
    dev: true
    optional: true

  /@moonrepo/core-linux-x64-musl@1.11.1:
    resolution: {integrity: sha512-qT4cNXSc1YQeeg2h6w/KM8tR5ZR3a0P5b3lLflLF/YCdxnCGjDygY+IBopOq5xRn9c2Q/JJ8btf8hP1dctjVuA==}
    cpu: [x64]
    os: [linux]
    requiresBuild: true
    dev: true
    optional: true

  /@moonrepo/core-macos-arm64@1.11.1:
    resolution: {integrity: sha512-jLk0OJWuoLgeu1r8RnVd4SD1AfvZvc039l57fsYsQXQ0yQU7e9NwSie701VsVZDKnAiqsML30TH7+i2T63HAsQ==}
    cpu: [arm64]
    os: [darwin]
    requiresBuild: true
    dev: true
    optional: true

  /@moonrepo/core-macos-x64@1.11.1:
    resolution: {integrity: sha512-evK6SN9oaFfzRsI/aLZEhdt6jhl05O4X/PCR7mc8ldzxdtYUpXP8brakkuFXxSH+gBBGubPLxuWQYUgKLk2R6A==}
    cpu: [x64]
    os: [darwin]
    requiresBuild: true
    dev: true
    optional: true

  /@moonrepo/core-windows-x64-msvc@1.11.1:
    resolution: {integrity: sha512-a4oW2J/VFiUoeaRLUqVHhl6Oe2IgMpLpwcZcTn3oFT5SHrP7soBVQKidG5N7nOu1/tKZgmOkJe1x+CmfWwKltg==}
    cpu: [x64]
    os: [win32]
    requiresBuild: true
    dev: true
    optional: true

  /detect-libc@2.0.2:
    resolution: {integrity: sha512-UX6sGumvvqSaXgdKGUsgZWqcUyIXZ/vZTrlRT/iobiKhGL0zL4d3osHj3uqllWJK+i+sixDS/3COVEOFbupFyw==}
    engines: {node: '>=8'}
    dev: true
